
Microsoft Visual Studio Solution File, Format Version 12.00
# Visual Studio Version 17
VisualStudioVersion = 17.6.34302.98
MinimumVisualStudioVersion = 10.0.40219.1
Project("{FAE04EC0-301F-11D3-BF4B-00C04F79EFBC}") = "WhiteLagoon.Web", "WhiteLagoon.Web\WhiteLagoon.Web.csproj", "{52CF4036-3D6F-4F62-890F-5E47B3AA8958}"
EndProject
Global
	GlobalSection(SolutionConfigurationPlatforms) = preSolution
		Debug|Any CPU = Debug|Any CPU
		Release|Any CPU = Release|Any CPU
	EndGlobalSection
	GlobalSection(ProjectConfigurationPlatforms) = postSolution
		{52CF4036-3D6F-4F62-890F-5E47B3AA8958}.Debug|Any CPU.ActiveCfg = Debug|Any CPU
		{52CF4036-3D6F-4F62-890F-5E47B3AA8958}.Debug|Any CPU.Build.0 = Debug|Any CPU
		{52CF4036-3D6F-4F62-890F-5E47B3AA8958}.Release|Any CPU.ActiveCfg = Release|Any CPU
		{52CF4036-3D6F-4F62-890F-5E47B3AA8958}.Release|Any CPU.Build.0 = Release|Any CPU
	EndGlobalSection
	GlobalSection(SolutionProperties) = preSolution
		HideSolutionNode = FALSE
	EndGlobalSection
	GlobalSection(ExtensibilityGlobals) = postSolution
		SolutionGuid = {261E3238-A675-4CF1-8A7E-3DA64265185F}
	EndGlobalSection
EndGlobal
